
Microsoft Visual Studio Solution File, Format Version 12.00
# Visual Studio Version 16
VisualStudioVersion = 16.0.31410.357
MinimumVisualStudioVersion = 10.0.40219.1
Project("{FAE04EC0-301F-11D3-BF4B-00C04F79EFBC}") = "11Memory01(Value)", "UNITYST\11Memory01(Value).csproj", "{BB013D44-6E56-461C-A345-E7B67737A71F}"
EndProject
Project("{FAE04EC0-301F-11D3-BF4B-00C04F79EFBC}") = "12Memory02(Reference)", "12Memory02(Reference)\12Memory02(Reference).csproj", "{357B3076-DA4E-4123-9EF2-41FEE240D306}"
EndProject
Project("{2150E333-8FDC-42A3-9474-1A3956D46DE8}") = "Game", "Game", "{0AD36015-0407-479F-8075-A2E5D8DEBAA9}"
EndProject
Project("{FAE04EC0-301F-11D3-BF4B-00C04F79EFBC}") = "Tetris", "Tetris\Tetris.csproj", "{2F182747-46E5-4FF5-BB29-740AA4754F19}"
EndProject
Project("{FAE04EC0-301F-11D3-BF4B-00C04F79EFBC}") = "13StaticVar", "13StaticVar\13StaticVar.csproj", "{266A3F80-793E-4E0A-BBC0-170E03B2B3F3}"
EndProject
Project("{FAE04EC0-301F-11D3-BF4B-00C04F79EFBC}") = "14StaticFunc", "14StaticFunc\14StaticFunc.csproj", "{AB67CF3A-748C-4DA9-8196-E50EE9A34B5E}"
EndProject
Project("{FAE04EC0-301F-11D3-BF4B-00C04F79EFBC}") = "15StaticClass", "15StaticClass\15StaticClass.csproj", "{C9CBF6FD-1BF4-4B63-94C6-566919B1FAE0}"
EndProject
Project("{FAE04EC0-301F-11D3-BF4B-00C04F79EFBC}") = "16This", "16This\16This.csproj", "{DD4D8D55-296A-4894-BB99-C8A3B04A2975}"
EndProject
Project("{FAE04EC0-301F-11D3-BF4B-00C04F79EFBC}") = "17While", "17While\17While.csproj", "{549E3CF3-E238-4C9D-85CD-B50A93F8BFE6}"
EndProject
Project("{FAE04EC0-301F-11D3-BF4B-00C04F79EFBC}") = "18For", "18For\18For.csproj", "{05DFBCA7-0BEB-47F5-AAF9-DF805E25F826}"
EndProject
Project("{FAE04EC0-301F-11D3-BF4B-00C04F79EFBC}") = "19If", "19If\19If.csproj", "{3964C494-1905-4828-BC9D-1DEF1CD1753B}"
EndProject
Project("{FAE04EC0-301F-11D3-BF4B-00C04F79EFBC}") = "20Switch", "20Switch\20Switch.csproj", "{F314BB24-FF01-4600-B603-3AEF7E5309B4}"
EndProject
Project("{FAE04EC0-301F-11D3-BF4B-00C04F79EFBC}") = "21Struct", "21Struct\21Struct.csproj", "{5B34A0BB-53A3-4632-8EA5-2CC7B7D85144}"
EndProject
Project("{FAE04EC0-301F-11D3-BF4B-00C04F79EFBC}") = "22Enum", "22Enum\22Enum.csproj", "{BC0B27CB-9763-4FA4-8CB9-174310BD6265}"
EndProject
Project("{FAE04EC0-301F-11D3-BF4B-00C04F79EFBC}") = "TextRpg001", "TextRpg001\TextRpg001.csproj", "{5B1DD116-269F-4852-90BF-67A49BD40B03}"
EndProject
Project("{FAE04EC0-301F-11D3-BF4B-00C04F79EFBC}") = "23Inheritance", "23Inheritance\23Inheritance.csproj", "{3BAF3ADF-4279-465B-9322-16F5B3AAA4C3}"
EndProject
Project("{FAE04EC0-301F-11D3-BF4B-00C04F79EFBC}") = "24ClassConstructer", "24ClassConstructer\24ClassConstructer.csproj", "{B2F46299-3252-4581-94EE-EE2823BB4E12}"
EndProject
Global
	GlobalSection(SolutionConfigurationPlatforms) = preSolution
		Debug|Any CPU = Debug|Any CPU
		Release|Any CPU = Release|Any CPU
	EndGlobalSection
	GlobalSection(ProjectConfigurationPlatforms) = postSolution
		{BB013D44-6E56-461C-A345-E7B67737A71F}.Debug|Any CPU.ActiveCfg = Debug|Any CPU
		{BB013D44-6E56-461C-A345-E7B67737A71F}.Debug|Any CPU.Build.0 = Debug|Any CPU
		{BB013D44-6E56-461C-A345-E7B67737A71F}.Release|Any CPU.ActiveCfg = Release|Any CPU
		{BB013D44-6E56-461C-A345-E7B67737A71F}.Release|Any CPU.Build.0 = Release|Any CPU
		{357B3076-DA4E-4123-9EF2-41FEE240D306}.Debug|Any CPU.ActiveCfg = Debug|Any CPU
		{357B3076-DA4E-4123-9EF2-41FEE240D306}.Debug|Any CPU.Build.0 = Debug|Any CPU
		{357B3076-DA4E-4123-9EF2-41FEE240D306}.Release|Any CPU.ActiveCfg = Release|Any CPU
		{357B3076-DA4E-4123-9EF2-41FEE240D306}.Release|Any CPU.Build.0 = Release|Any CPU
		{2F182747-46E5-4FF5-BB29-740AA4754F19}.Debug|Any CPU.ActiveCfg = Debug|Any CPU
		{2F182747-46E5-4FF5-BB29-740AA4754F19}.Debug|Any CPU.Build.0 = Debug|Any CPU
		{2F182747-46E5-4FF5-BB29-740AA4754F19}.Release|Any CPU.ActiveCfg = Release|Any CPU
		{2F182747-46E5-4FF5-BB29-740AA4754F19}.Release|Any CPU.Build.0 = Release|Any CPU
		{266A3F80-793E-4E0A-BBC0-170E03B2B3F3}.Debug|Any CPU.ActiveCfg = Debug|Any CPU
		{266A3F80-793E-4E0A-BBC0-170E03B2B3F3}.Debug|Any CPU.Build.0 = Debug|Any CPU
		{266A3F80-793E-4E0A-BBC0-170E03B2B3F3}.Release|Any CPU.ActiveCfg = Release|Any CPU
		{266A3F80-793E-4E0A-BBC0-170E03B2B3F3}.Release|Any CPU.Build.0 = Release|Any CPU
		{AB67CF3A-748C-4DA9-8196-E50EE9A34B5E}.Debug|Any CPU.ActiveCfg = Debug|Any CPU
		{AB67CF3A-748C-4DA9-8196-E50EE9A34B5E}.Debug|Any CPU.Build.0 = Debug|Any CPU
		{AB67CF3A-748C-4DA9-8196-E50EE9A34B5E}.Release|Any CPU.ActiveCfg = Release|Any CPU
		{AB67CF3A-748C-4DA9-8196-E50EE9A34B5E}.Release|Any CPU.Build.0 = Release|Any CPU
		{C9CBF6FD-1BF4-4B63-94C6-566919B1FAE0}.Debug|Any CPU.ActiveCfg = Debug|Any CPU
		{C9CBF6FD-1BF4-4B63-94C6-566919B1FAE0}.Debug|Any CPU.Build.0 = Debug|Any CPU
		{C9CBF6FD-1BF4-4B63-94C6-566919B1FAE0}.Release|Any CPU.ActiveCfg = Release|Any CPU
		{C9CBF6FD-1BF4-4B63-94C6-566919B1FAE0}.Release|Any CPU.Build.0 = Release|Any CPU
		{DD4D8D55-296A-4894-BB99-C8A3B04A2975}.Debug|Any CPU.ActiveCfg = Debug|Any CPU
		{DD4D8D55-296A-4894-BB99-C8A3B04A2975}.Debug|Any CPU.Build.0 = Debug|Any CPU
		{DD4D8D55-296A-4894-BB99-C8A3B04A2975}.Release|Any CPU.ActiveCfg = Release|Any CPU
		{DD4D8D55-296A-4894-BB99-C8A3B04A2975}.Release|Any CPU.Build.0 = Release|Any CPU
		{549E3CF3-E238-4C9D-85CD-B50A93F8BFE6}.Debug|Any CPU.ActiveCfg = Debug|Any CPU
		{549E3CF3-E238-4C9D-85CD-B50A93F8BFE6}.Debug|Any CPU.Build.0 = Debug|Any CPU
		{549E3CF3-E238-4C9D-85CD-B50A93F8BFE6}.Release|Any CPU.ActiveCfg = Release|Any CPU
		{549E3CF3-E238-4C9D-85CD-B50A93F8BFE6}.Release|Any CPU.Build.0 = Release|Any CPU
		{05DFBCA7-0BEB-47F5-AAF9-DF805E25F826}.Debug|Any CPU.ActiveCfg = Debug|Any CPU
		{05DFBCA7-0BEB-47F5-AAF9-DF805E25F826}.Debug|Any CPU.Build.0 = Debug|Any CPU
		{05DFBCA7-0BEB-47F5-AAF9-DF805E25F826}.Release|Any CPU.ActiveCfg = Release|Any CPU
		{05DFBCA7-0BEB-47F5-AAF9-DF805E25F826}.Release|Any CPU.Build.0 = Release|Any CPU
		{3964C494-1905-4828-BC9D-1DEF1CD1753B}.Debug|Any CPU.ActiveCfg = Debug|Any CPU
		{3964C494-1905-4828-BC9D-1DEF1CD1753B}.Debug|Any CPU.Build.0 = Debug|Any CPU
		{3964C494-1905-4828-BC9D-1DEF1CD1753B}.Release|Any CPU.ActiveCfg = Release|Any CPU
		{3964C494-1905-4828-BC9D-1DEF1CD1753B}.Release|Any CPU.Build.0 = Release|Any CPU
		{F314BB24-FF01-4600-B603-3AEF7E5309B4}.Debug|Any CPU.ActiveCfg = Debug|Any CPU
		{F314BB24-FF01-4600-B603-3AEF7E5309B4}.Debug|Any CPU.Build.0 = Debug|Any CPU
		{F314BB24-FF01-4600-B603-3AEF7E5309B4}.Release|Any CPU.ActiveCfg = Release|Any CPU
		{F314BB24-FF01-4600-B603-3AEF7E5309B4}.Release|Any CPU.Build.0 = Release|Any CPU
		{5B34A0BB-53A3-4632-8EA5-2CC7B7D85144}.Debug|Any CPU.ActiveCfg = Debug|Any CPU
		{5B34A0BB-53A3-4632-8EA5-2CC7B7D85144}.Debug|Any CPU.Build.0 = Debug|Any CPU
		{5B34A0BB-53A3-4632-8EA5-2CC7B7D85144}.Release|Any CPU.ActiveCfg = Release|Any CPU
		{5B34A0BB-53A3-4632-8EA5-2CC7B7D85144}.Release|Any CPU.Build.0 = Release|Any CPU
		{BC0B27CB-9763-4FA4-8CB9-174310BD6265}.Debug|Any CPU.ActiveCfg = Debug|Any CPU
		{BC0B27CB-9763-4FA4-8CB9-174310BD6265}.Debug|Any CPU.Build.0 = Debug|Any CPU
		{BC0B27CB-9763-4FA4-8CB9-174310BD6265}.Release|Any CPU.ActiveCfg = Release|Any CPU
		{BC0B27CB-9763-4FA4-8CB9-174310BD6265}.Release|Any CPU.Build.0 = Release|Any CPU
		{5B1DD116-269F-4852-90BF-67A49BD40B03}.Debug|Any CPU.ActiveCfg = Debug|Any CPU
		{5B1DD116-269F-4852-90BF-67A49BD40B03}.Debug|Any CPU.Build.0 = Debug|Any CPU
		{5B1DD116-269F-4852-90BF-67A49BD40B03}.Release|Any CPU.ActiveCfg = Release|Any CPU
		{5B1DD116-269F-4852-90BF-67A49BD40B03}.Release|Any CPU.Build.0 = Release|Any CPU
		{3BAF3ADF-4279-465B-9322-16F5B3AAA4C3}.Debug|Any CPU.ActiveCfg = Debug|Any CPU
		{3BAF3ADF-4279-465B-9322-16F5B3AAA4C3}.Debug|Any CPU.Build.0 = Debug|Any CPU
		{3BAF3ADF-4279-465B-9322-16F5B3AAA4C3}.Release|Any CPU.ActiveCfg = Release|Any CPU
		{3BAF3ADF-4279-465B-9322-16F5B3AAA4C3}.Release|Any CPU.Build.0 = Release|Any CPU
		{B2F46299-3252-4581-94EE-EE2823BB4E12}.Debug|Any CPU.ActiveCfg = Debug|Any CPU
		{B2F46299-3252-4581-94EE-EE2823BB4E12}.Debug|Any CPU.Build.0 = Debug|Any CPU
		{B2F46299-3252-4581-94EE-EE2823BB4E12}.Release|Any CPU.ActiveCfg = Release|Any CPU
		{B2F46299-3252-4581-94EE-EE2823BB4E12}.Release|Any CPU.Build.0 = Release|Any CPU
	EndGlobalSection
	GlobalSection(SolutionProperties) = preSolution
		HideSolutionNode = FALSE
	EndGlobalSection
	GlobalSection(NestedProjects) = preSolution
		{2F182747-46E5-4FF5-BB29-740AA4754F19} = {0AD36015-0407-479F-8075-A2E5D8DEBAA9}
		{5B1DD116-269F-4852-90BF-67A49BD40B03} = {0AD36015-0407-479F-8075-A2E5D8DEBAA9}
	EndGlobalSection
	GlobalSection(ExtensibilityGlobals) = postSolution
		SolutionGuid = {184A334A-3420-48AC-8C61-AEBDADE9AC77}
	EndGlobalSection
EndGlobal
